
Microsoft Visual Studio Solution File, Format Version 12.00
# Visual Studio 14
VisualStudioVersion = 14.0.25420.1
MinimumVisualStudioVersion = 10.0.40219.1
Project("{FAE04EC0-301F-11D3-BF4B-00C04F79EFBC}") = "DAL", "DAL\DAL.csproj", "{52972267-F795-41FD-8EC4-B274AEF581B3}"
EndProject
Project("{FAE04EC0-301F-11D3-BF4B-00C04F79EFBC}") = "BAL", "BAL\BAL.csproj", "{944DFDD5-CB33-461C-8A13-604BAD5EAB99}"
EndProject
Project("{FAE04EC0-301F-11D3-BF4B-00C04F79EFBC}") = "WebApp", "WebApp\WebApp.csproj", "{9F9DAA17-DF0C-48CC-897A-59EF169F8E39}"
EndProject
Global
	GlobalSection(SolutionConfigurationPlatforms) = preSolution
		Debug|Any CPU = Debug|Any CPU
		Release|Any CPU = Release|Any CPU
	EndGlobalSection
	GlobalSection(ProjectConfigurationPlatforms) = postSolution
		{52972267-F795-41FD-8EC4-B274AEF581B3}.Debug|Any CPU.ActiveCfg = Debug|Any CPU
		{52972267-F795-41FD-8EC4-B274AEF581B3}.Debug|Any CPU.Build.0 = Debug|Any CPU
		{52972267-F795-41FD-8EC4-B274AEF581B3}.Release|Any CPU.ActiveCfg = Release|Any CPU
		{52972267-F795-41FD-8EC4-B274AEF581B3}.Release|Any CPU.Build.0 = Release|Any CPU
		{944DFDD5-CB33-461C-8A13-604BAD5EAB99}.Debug|Any CPU.ActiveCfg = Debug|Any CPU
		{944DFDD5-CB33-461C-8A13-604BAD5EAB99}.Debug|Any CPU.Build.0 = Debug|Any CPU
		{944DFDD5-CB33-461C-8A13-604BAD5EAB99}.Release|Any CPU.ActiveCfg = Release|Any CPU
		{944DFDD5-CB33-461C-8A13-604BAD5EAB99}.Release|Any CPU.Build.0 = Release|Any CPU
		{9F9DAA17-DF0C-48CC-897A-59EF169F8E39}.Debug|Any CPU.ActiveCfg = Debug|Any CPU
		{9F9DAA17-DF0C-48CC-897A-59EF169F8E39}.Debug|Any CPU.Build.0 = Debug|Any CPU
		{9F9DAA17-DF0C-48CC-897A-59EF169F8E39}.Release|Any CPU.ActiveCfg = Release|Any CPU
		{9F9DAA17-DF0C-48CC-897A-59EF169F8E39}.Release|Any CPU.Build.0 = Release|Any CPU
	EndGlobalSection
	GlobalSection(SolutionProperties) = preSolution
		HideSolutionNode = FALSE
	EndGlobalSection
EndGlobal
